
Microsoft Visual Studio Solution File, Format Version 12.00
# Visual Studio Version 17
VisualStudioVersion = 17.2.32516.85
MinimumVisualStudioVersion = 10.0.40219.1
Project("{FAE04EC0-301F-11D3-BF4B-00C04F79EFBC}") = "WHControlLib", "WHControlLib\WHControlLib.csproj", "{4BC903F7-AF85-4139-9813-2D71A3BB6837}"
EndProject
Project("{FAE04EC0-301F-11D3-BF4B-00C04F79EFBC}") = "WHUIdemo", "WHUIdemo\WHUIdemo.csproj", "{F185C785-A08F-4354-99D2-6C65EBFFF5C9}"
EndProject
Global
	GlobalSection(SolutionConfigurationPlatforms) = preSolution
		Debug|Any CPU = Debug|Any CPU
		Release|Any CPU = Release|Any CPU
	EndGlobalSection
	GlobalSection(ProjectConfigurationPlatforms) = postSolution
		{4BC903F7-AF85-4139-9813-2D71A3BB6837}.Debug|Any CPU.ActiveCfg = Debug|Any CPU
		{4BC903F7-AF85-4139-9813-2D71A3BB6837}.Debug|Any CPU.Build.0 = Debug|Any CPU
		{4BC903F7-AF85-4139-9813-2D71A3BB6837}.Release|Any CPU.ActiveCfg = Release|Any CPU
		{4BC903F7-AF85-4139-9813-2D71A3BB6837}.Release|Any CPU.Build.0 = Release|Any CPU
		{F185C785-A08F-4354-99D2-6C65EBFFF5C9}.Debug|Any CPU.ActiveCfg = Debug|Any CPU
		{F185C785-A08F-4354-99D2-6C65EBFFF5C9}.Debug|Any CPU.Build.0 = Debug|Any CPU
		{F185C785-A08F-4354-99D2-6C65EBFFF5C9}.Release|Any CPU.ActiveCfg = Release|Any CPU
		{F185C785-A08F-4354-99D2-6C65EBFFF5C9}.Release|Any CPU.Build.0 = Release|Any CPU
	EndGlobalSection
	GlobalSection(SolutionProperties) = preSolution
		HideSolutionNode = FALSE
	EndGlobalSection
	GlobalSection(ExtensibilityGlobals) = postSolution
		SolutionGuid = {FD98E689-BD99-4C4E-BC27-378FF494587E}
	EndGlobalSection
EndGlobal
